<?xml version="1.0" encoding="utf-8"?>
<Project ToolsVersion="4.0" xmlns="http://schemas.microsoft.com/developer/msbuild/2003">
  <ItemGroup>
    <Filter Include="Quelldateien">
      <UniqueIdentifier>{4FC737F1-C7A5-4376-A066-2A32D752A2FF}</UniqueIdentifier>
      <Extensions>cpp;c;cc;cxx;def;odl;idl;hpj;bat;asm;asmx</Extensions>
    </Filter>
    <Filter Include="Headerdateien">
      <UniqueIdentifier>{93995380-89BD-4b04-88EB-625FBE52EBFB}</UniqueIdentifier>
      <Extensions>h;hh;hpp;hxx;hm;inl;inc;xsd</Extensions>
    </Filter>
    <Filter Include="Ressourcendateien">
      <UniqueIdentifier>{67DA6AB6-F800-4c08-8B7A-83BB121AAD01}</UniqueIdentifier>
      <Extensions>rc;ico;cur;bmp;dlg;rc2;rct;bin;rgs;gif;jpg;jpeg;jpe;resx;tiff;tif;png;wav;mfcribbon-ms</Extensions>
    </Filter>
  </ItemGroup>
  <ItemGroup>
    <ClInclude Include="MouseController.h">
      <Filter>Headerdateien</Filter>
    </ClInclude>
    <ClInclude Include="platform.h">
      <Filter>Headerdateien</Filter>
    </ClInclude>
    <ClInclude Include="Position.h">
      <Filter>Headerdateien</Filter>
    </ClInclude>
    <ClInclude Include="XInputController.h">
      <Filter>Headerdateien</Filter>
    </ClInclude>
    <ClInclude Include="LuaModule.h">
      <Filter>Headerdateien</Filter>
    </ClInclude>
    <ClInclude Include="ELuaModuleLibrary.h">
      <Filter>Headerdateien</Filter>
    </ClInclude>
    <ClInclude Include="EMouseButton.h">
      <Filter>Headerdateien</Filter>
    </ClInclude>
    <ClInclude Include="EXInputButton.h">
      <Filter>Headerdateien</Filter>
    </ClInclude>
    <ClInclude Include="EXInputAxis.h">
      <Filter>Headerdateien</Filter>
    </ClInclude>
    <ClInclude Include="EventSystem.h">
      <Filter>Headerdateien</Filter>
    </ClInclude>
    <ClInclude Include="moonlightcontroller.h">
      <Filter>Headerdateien</Filter>
    </ClInclude>
    <ClInclude Include="KeyboardController.h">
      <Filter>Headerdateien</Filter>
    </ClInclude>
  </ItemGroup>
  <ItemGroup>
    <ClCompile Include="MouseController.cpp">
      <Filter>Quelldateien</Filter>
    </ClCompile>
    <ClCompile Include="Position.cpp">
      <Filter>Quelldateien</Filter>
    </ClCompile>
    <ClCompile Include="XInputController.cpp">
      <Filter>Quelldateien</Filter>
    </ClCompile>
    <ClCompile Include="LuaModule.cpp">
      <Filter>Quelldateien</Filter>
    </ClCompile>
    <ClCompile Include="EventSystem.cpp">
      <Filter>Quelldateien</Filter>
    </ClCompile>
    <ClCompile Include="KeyboardController.cpp">
      <Filter>Quelldateien</Filter>
    </ClCompile>
  </ItemGroup>
</Project>